
Microsoft Visual Studio Solution File, Format Version 12.00
# Visual Studio Version 17
VisualStudioVersion = 17.1.32414.318
MinimumVisualStudioVersion = 10.0.40219.1
Project("{2150E333-8FDC-42A3-9474-1A3956D46DE8}") = "src", "src", "{776B13D3-37F6-4372-AD02-D872F34A5BAF}"
EndProject
Project("{2150E333-8FDC-42A3-9474-1A3956D46DE8}") = "Services", "Services", "{567FA2DE-41CD-41B1-8985-1A2CC52FCB9F}"
EndProject
Project("{2150E333-8FDC-42A3-9474-1A3956D46DE8}") = "Book", "Book", "{B4436CA1-0607-4D79-987E-EFE70EDB14AF}"
EndProject
Project("{9A19103F-16F7-4668-BE54-9A1E7A4F7556}") = "Book.API", "Services\Book\Book.API\Book.API.csproj", "{EE0E0ED1-0AE7-4F9E-8CC8-0CFE327158D4}"
EndProject
Project("{2150E333-8FDC-42A3-9474-1A3956D46DE8}") = "User", "User", "{D2624E34-05E4-4BEE-9E25-20E3B99503D3}"
EndProject
Project("{9A19103F-16F7-4668-BE54-9A1E7A4F7556}") = "User.API", "Services\User\User.API\User.API.csproj", "{0FD9D76D-0F90-4C72-8FE9-96DE46F943E4}"
EndProject
Project("{2150E333-8FDC-42A3-9474-1A3956D46DE8}") = "Borrow", "Borrow", "{3865F50C-CBBD-49AE-9E77-F0FD4186FB4B}"
EndProject
Project("{9A19103F-16F7-4668-BE54-9A1E7A4F7556}") = "Borrow.API", "Services\Borrow\Borrow.API\Borrow.API.csproj", "{716F7CAB-B4FB-43D0-A02F-298027137CE4}"
EndProject
Project("{9A19103F-16F7-4668-BE54-9A1E7A4F7556}") = "Borrow.Infrastructure", "Services\Borrow\Borrow.Infrastructure\Borrow.Infrastructure.csproj", "{8BB3F09F-534B-47EA-B78F-39AE2ACDD8E6}"
EndProject
Project("{9A19103F-16F7-4668-BE54-9A1E7A4F7556}") = "Borrow.Application", "Services\Borrow\Borrow.Application\Borrow.Application.csproj", "{A7ABA01A-D6E8-41CC-BA39-646886BD857A}"
EndProject
Project("{9A19103F-16F7-4668-BE54-9A1E7A4F7556}") = "Borrow.Core", "Services\Borrow\Borrow.Core\Borrow.Core.csproj", "{7D6B3DCF-E4FB-4AB3-945C-889C02DA2096}"
EndProject
Project("{2150E333-8FDC-42A3-9474-1A3956D46DE8}") = "ApiGateways", "ApiGateways", "{9946125C-39F1-4974-8EBA-CF5595FE4506}"
EndProject
Project("{2150E333-8FDC-42A3-9474-1A3956D46DE8}") = "Bff.Library", "Bff.Library", "{2AA47F67-742D-4963-8523-5D17A0BD6191}"
EndProject
Project("{9A19103F-16F7-4668-BE54-9A1E7A4F7556}") = "Library.Aggregator", "ApiGateways\Bff.Library\Library.Aggregator\Library.Aggregator.csproj", "{BEE154A0-6130-40E6-8A61-351AD503FC5C}"
EndProject
Project("{2150E333-8FDC-42A3-9474-1A3956D46DE8}") = "Identity", "Identity", "{C0FC5664-C532-4BF7-8049-E335AD03C996}"
EndProject
Project("{9A19103F-16F7-4668-BE54-9A1E7A4F7556}") = "Identity.API", "Services\Identity\Identity.API\Identity.API.csproj", "{12464870-A1C1-4CE5-949D-28103F418904}"
EndProject
Project("{9A19103F-16F7-4668-BE54-9A1E7A4F7556}") = "User.Contracts", "Services\User\User.Contracts\User.Contracts.csproj", "{A4A5AFAF-108E-4EB1-85DB-AF04E8DA0DEA}"
EndProject
Project("{9A19103F-16F7-4668-BE54-9A1E7A4F7556}") = "Borrow.Contracts", "Services\Borrow\Borrow.Contracts\Borrow.Contracts.csproj", "{41C33047-06D0-453C-BDF4-37CEECE5C4B6}"
EndProject
Project("{9A19103F-16F7-4668-BE54-9A1E7A4F7556}") = "Identity.Contracts", "Services\Identity\Identity.Contracts\Identity.Contracts.csproj", "{48845C55-9D51-4030-850B-79F5121F058A}"
EndProject
Project("{9A19103F-16F7-4668-BE54-9A1E7A4F7556}") = "Book.Contracts", "Services\Book\Book.Contracts\Book.Contracts.csproj", "{79601EA9-39FD-4B5A-9510-C8E85D4DEFF8}"
EndProject
Project("{2150E333-8FDC-42A3-9474-1A3956D46DE8}") = "StarterFunctions", "StarterFunctions", "{AF83CEA8-BA53-4D3F-B4FF-CDF35ADB563E}"
EndProject
Project("{FAE04EC0-301F-11D3-BF4B-00C04F79EFBC}") = "StarterFunctions.Tests", "StarterFunctions\StarterFunctions.Tests\StarterFunctions.Tests.csproj", "{3421BF8E-F942-40AE-A5C4-48554CFBACD2}"
EndProject
Project("{FAE04EC0-301F-11D3-BF4B-00C04F79EFBC}") = "StarterFunctions", "StarterFunctions\StarterFunctions\StarterFunctions.csproj", "{AF51D6EE-3D53-48DB-9420-38CD74682E53}"
EndProject
Project("{2150E333-8FDC-42A3-9474-1A3956D46DE8}") = "tests", "tests", "{B1ED270F-9036-46B3-B0D0-A534579D7D0D}"
EndProject
Project("{2150E333-8FDC-42A3-9474-1A3956D46DE8}") = "tests", "tests", "{9FB66658-AD3E-4568-AFED-62B447EEF274}"
EndProject
Project("{2150E333-8FDC-42A3-9474-1A3956D46DE8}") = "tests", "tests", "{14CBD8C4-D127-4009-B36D-F3E195527C8E}"
EndProject
Project("{2150E333-8FDC-42A3-9474-1A3956D46DE8}") = "tests", "tests", "{C2A26642-8CC6-43E0-81E0-BF80FBA771CC}"
EndProject
Project("{9A19103F-16F7-4668-BE54-9A1E7A4F7556}") = "Book.IntegrationTests", "Services\Book\Book.IntegrationTests\Book.IntegrationTests.csproj", "{7E243F6B-F230-4998-8862-AB06A490F74B}"
EndProject
Project("{9A19103F-16F7-4668-BE54-9A1E7A4F7556}") = "Book.UnitTests", "Services\Book\Books.UnitTests\Book.UnitTests.csproj", "{D5770FFC-11F4-4E6D-A009-23E0DD94ACCA}"
EndProject
Project("{9A19103F-16F7-4668-BE54-9A1E7A4F7556}") = "Borrow.IntegrationTests", "Services\Borrow\Borrow.IntegrationTests\Borrow.IntegrationTests.csproj", "{C36B4C5B-5E27-47E4-A396-93418E71CB99}"
EndProject
Project("{9A19103F-16F7-4668-BE54-9A1E7A4F7556}") = "Borrow.UnitTests", "Services\Borrow\Borrwo.UnitTests\Borrow.UnitTests.csproj", "{EC948D68-83B8-40F1-A2B2-AE53574B0273}"
EndProject
Project("{9A19103F-16F7-4668-BE54-9A1E7A4F7556}") = "User.IntegrationTests", "Services\User\User.IntegrationTests\User.IntegrationTests.csproj", "{05B84308-A0FE-4713-9AB4-13D53FC465A1}"
EndProject
Project("{9A19103F-16F7-4668-BE54-9A1E7A4F7556}") = "User.UnitTests", "Services\User\User.UnitTests\User.UnitTests.csproj", "{3B7ABF2E-4DB9-4448-AECC-8E3C3E378BA2}"
EndProject
Project("{9A19103F-16F7-4668-BE54-9A1E7A4F7556}") = "Library.Aggregator.UnitTests", "ApiGateways\Bff.Library\Library.Aggregator.UnitTests\Library.Aggregator.UnitTests.csproj", "{2FE2EF45-554A-48E3-B201-9D1EFDBDD7C7}"
EndProject
Global
	GlobalSection(SolutionConfigurationPlatforms) = preSolution
		Debug|Any CPU = Debug|Any CPU
		Release|Any CPU = Release|Any CPU
	EndGlobalSection
	GlobalSection(ProjectConfigurationPlatforms) = postSolution
		{EE0E0ED1-0AE7-4F9E-8CC8-0CFE327158D4}.Debug|Any CPU.ActiveCfg = Debug|Any CPU
		{EE0E0ED1-0AE7-4F9E-8CC8-0CFE327158D4}.Debug|Any CPU.Build.0 = Debug|Any CPU
		{EE0E0ED1-0AE7-4F9E-8CC8-0CFE327158D4}.Release|Any CPU.ActiveCfg = Release|Any CPU
		{EE0E0ED1-0AE7-4F9E-8CC8-0CFE327158D4}.Release|Any CPU.Build.0 = Release|Any CPU
		{0FD9D76D-0F90-4C72-8FE9-96DE46F943E4}.Debug|Any CPU.ActiveCfg = Debug|Any CPU
		{0FD9D76D-0F90-4C72-8FE9-96DE46F943E4}.Debug|Any CPU.Build.0 = Debug|Any CPU
		{0FD9D76D-0F90-4C72-8FE9-96DE46F943E4}.Release|Any CPU.ActiveCfg = Release|Any CPU
		{0FD9D76D-0F90-4C72-8FE9-96DE46F943E4}.Release|Any CPU.Build.0 = Release|Any CPU
		{716F7CAB-B4FB-43D0-A02F-298027137CE4}.Debug|Any CPU.ActiveCfg = Debug|Any CPU
		{716F7CAB-B4FB-43D0-A02F-298027137CE4}.Debug|Any CPU.Build.0 = Debug|Any CPU
		{716F7CAB-B4FB-43D0-A02F-298027137CE4}.Release|Any CPU.ActiveCfg = Release|Any CPU
		{716F7CAB-B4FB-43D0-A02F-298027137CE4}.Release|Any CPU.Build.0 = Release|Any CPU
		{8BB3F09F-534B-47EA-B78F-39AE2ACDD8E6}.Debug|Any CPU.ActiveCfg = Debug|Any CPU
		{8BB3F09F-534B-47EA-B78F-39AE2ACDD8E6}.Debug|Any CPU.Build.0 = Debug|Any CPU
		{8BB3F09F-534B-47EA-B78F-39AE2ACDD8E6}.Release|Any CPU.ActiveCfg = Release|Any CPU
		{8BB3F09F-534B-47EA-B78F-39AE2ACDD8E6}.Release|Any CPU.Build.0 = Release|Any CPU
		{A7ABA01A-D6E8-41CC-BA39-646886BD857A}.Debug|Any CPU.ActiveCfg = Debug|Any CPU
		{A7ABA01A-D6E8-41CC-BA39-646886BD857A}.Debug|Any CPU.Build.0 = Debug|Any CPU
		{A7ABA01A-D6E8-41CC-BA39-646886BD857A}.Release|Any CPU.ActiveCfg = Release|Any CPU
		{A7ABA01A-D6E8-41CC-BA39-646886BD857A}.Release|Any CPU.Build.0 = Release|Any CPU
		{7D6B3DCF-E4FB-4AB3-945C-889C02DA2096}.Debug|Any CPU.ActiveCfg = Debug|Any CPU
		{7D6B3DCF-E4FB-4AB3-945C-889C02DA2096}.Debug|Any CPU.Build.0 = Debug|Any CPU
		{7D6B3DCF-E4FB-4AB3-945C-889C02DA2096}.Release|Any CPU.ActiveCfg = Release|Any CPU
		{7D6B3DCF-E4FB-4AB3-945C-889C02DA2096}.Release|Any CPU.Build.0 = Release|Any CPU
		{BEE154A0-6130-40E6-8A61-351AD503FC5C}.Debug|Any CPU.ActiveCfg = Debug|Any CPU
		{BEE154A0-6130-40E6-8A61-351AD503FC5C}.Debug|Any CPU.Build.0 = Debug|Any CPU
		{BEE154A0-6130-40E6-8A61-351AD503FC5C}.Release|Any CPU.ActiveCfg = Release|Any CPU
		{BEE154A0-6130-40E6-8A61-351AD503FC5C}.Release|Any CPU.Build.0 = Release|Any CPU
		{12464870-A1C1-4CE5-949D-28103F418904}.Debug|Any CPU.ActiveCfg = Debug|Any CPU
		{12464870-A1C1-4CE5-949D-28103F418904}.Debug|Any CPU.Build.0 = Debug|Any CPU
		{12464870-A1C1-4CE5-949D-28103F418904}.Release|Any CPU.ActiveCfg = Release|Any CPU
		{12464870-A1C1-4CE5-949D-28103F418904}.Release|Any CPU.Build.0 = Release|Any CPU
		{A4A5AFAF-108E-4EB1-85DB-AF04E8DA0DEA}.Debug|Any CPU.ActiveCfg = Debug|Any CPU
		{A4A5AFAF-108E-4EB1-85DB-AF04E8DA0DEA}.Debug|Any CPU.Build.0 = Debug|Any CPU
		{A4A5AFAF-108E-4EB1-85DB-AF04E8DA0DEA}.Release|Any CPU.ActiveCfg = Release|Any CPU
		{A4A5AFAF-108E-4EB1-85DB-AF04E8DA0DEA}.Release|Any CPU.Build.0 = Release|Any CPU
		{41C33047-06D0-453C-BDF4-37CEECE5C4B6}.Debug|Any CPU.ActiveCfg = Debug|Any CPU
		{41C33047-06D0-453C-BDF4-37CEECE5C4B6}.Debug|Any CPU.Build.0 = Debug|Any CPU
		{41C33047-06D0-453C-BDF4-37CEECE5C4B6}.Release|Any CPU.ActiveCfg = Release|Any CPU
		{41C33047-06D0-453C-BDF4-37CEECE5C4B6}.Release|Any CPU.Build.0 = Release|Any CPU
		{48845C55-9D51-4030-850B-79F5121F058A}.Debug|Any CPU.ActiveCfg = Debug|Any CPU
		{48845C55-9D51-4030-850B-79F5121F058A}.Debug|Any CPU.Build.0 = Debug|Any CPU
		{48845C55-9D51-4030-850B-79F5121F058A}.Release|Any CPU.ActiveCfg = Release|Any CPU
		{48845C55-9D51-4030-850B-79F5121F058A}.Release|Any CPU.Build.0 = Release|Any CPU
		{79601EA9-39FD-4B5A-9510-C8E85D4DEFF8}.Debug|Any CPU.ActiveCfg = Debug|Any CPU
		{79601EA9-39FD-4B5A-9510-C8E85D4DEFF8}.Debug|Any CPU.Build.0 = Debug|Any CPU
		{79601EA9-39FD-4B5A-9510-C8E85D4DEFF8}.Release|Any CPU.ActiveCfg = Release|Any CPU
		{79601EA9-39FD-4B5A-9510-C8E85D4DEFF8}.Release|Any CPU.Build.0 = Release|Any CPU
		{3421BF8E-F942-40AE-A5C4-48554CFBACD2}.Debug|Any CPU.ActiveCfg = Debug|Any CPU
		{3421BF8E-F942-40AE-A5C4-48554CFBACD2}.Debug|Any CPU.Build.0 = Debug|Any CPU
		{3421BF8E-F942-40AE-A5C4-48554CFBACD2}.Release|Any CPU.ActiveCfg = Release|Any CPU
		{3421BF8E-F942-40AE-A5C4-48554CFBACD2}.Release|Any CPU.Build.0 = Release|Any CPU
		{AF51D6EE-3D53-48DB-9420-38CD74682E53}.Debug|Any CPU.ActiveCfg = Debug|Any CPU
		{AF51D6EE-3D53-48DB-9420-38CD74682E53}.Debug|Any CPU.Build.0 = Debug|Any CPU
		{AF51D6EE-3D53-48DB-9420-38CD74682E53}.Release|Any CPU.ActiveCfg = Release|Any CPU
		{AF51D6EE-3D53-48DB-9420-38CD74682E53}.Release|Any CPU.Build.0 = Release|Any CPU
		{7E243F6B-F230-4998-8862-AB06A490F74B}.Debug|Any CPU.ActiveCfg = Debug|Any CPU
		{7E243F6B-F230-4998-8862-AB06A490F74B}.Debug|Any CPU.Build.0 = Debug|Any CPU
		{7E243F6B-F230-4998-8862-AB06A490F74B}.Release|Any CPU.ActiveCfg = Release|Any CPU
		{7E243F6B-F230-4998-8862-AB06A490F74B}.Release|Any CPU.Build.0 = Release|Any CPU
		{D5770FFC-11F4-4E6D-A009-23E0DD94ACCA}.Debug|Any CPU.ActiveCfg = Debug|Any CPU
		{D5770FFC-11F4-4E6D-A009-23E0DD94ACCA}.Debug|Any CPU.Build.0 = Debug|Any CPU
		{D5770FFC-11F4-4E6D-A009-23E0DD94ACCA}.Release|Any CPU.ActiveCfg = Release|Any CPU
		{D5770FFC-11F4-4E6D-A009-23E0DD94ACCA}.Release|Any CPU.Build.0 = Release|Any CPU
		{C36B4C5B-5E27-47E4-A396-93418E71CB99}.Debug|Any CPU.ActiveCfg = Debug|Any CPU
		{C36B4C5B-5E27-47E4-A396-93418E71CB99}.Debug|Any CPU.Build.0 = Debug|Any CPU
		{C36B4C5B-5E27-47E4-A396-93418E71CB99}.Release|Any CPU.ActiveCfg = Release|Any CPU
		{C36B4C5B-5E27-47E4-A396-93418E71CB99}.Release|Any CPU.Build.0 = Release|Any CPU
		{EC948D68-83B8-40F1-A2B2-AE53574B0273}.Debug|Any CPU.ActiveCfg = Debug|Any CPU
		{EC948D68-83B8-40F1-A2B2-AE53574B0273}.Debug|Any CPU.Build.0 = Debug|Any CPU
		{EC948D68-83B8-40F1-A2B2-AE53574B0273}.Release|Any CPU.ActiveCfg = Release|Any CPU
		{EC948D68-83B8-40F1-A2B2-AE53574B0273}.Release|Any CPU.Build.0 = Release|Any CPU
		{05B84308-A0FE-4713-9AB4-13D53FC465A1}.Debug|Any CPU.ActiveCfg = Debug|Any CPU
		{05B84308-A0FE-4713-9AB4-13D53FC465A1}.Debug|Any CPU.Build.0 = Debug|Any CPU
		{05B84308-A0FE-4713-9AB4-13D53FC465A1}.Release|Any CPU.ActiveCfg = Release|Any CPU
		{05B84308-A0FE-4713-9AB4-13D53FC465A1}.Release|Any CPU.Build.0 = Release|Any CPU
		{3B7ABF2E-4DB9-4448-AECC-8E3C3E378BA2}.Debug|Any CPU.ActiveCfg = Debug|Any CPU
		{3B7ABF2E-4DB9-4448-AECC-8E3C3E378BA2}.Debug|Any CPU.Build.0 = Debug|Any CPU
		{3B7ABF2E-4DB9-4448-AECC-8E3C3E378BA2}.Release|Any CPU.ActiveCfg = Release|Any CPU
		{3B7ABF2E-4DB9-4448-AECC-8E3C3E378BA2}.Release|Any CPU.Build.0 = Release|Any CPU
		{2FE2EF45-554A-48E3-B201-9D1EFDBDD7C7}.Debug|Any CPU.ActiveCfg = Debug|Any CPU
		{2FE2EF45-554A-48E3-B201-9D1EFDBDD7C7}.Debug|Any CPU.Build.0 = Debug|Any CPU
		{2FE2EF45-554A-48E3-B201-9D1EFDBDD7C7}.Release|Any CPU.ActiveCfg = Release|Any CPU
		{2FE2EF45-554A-48E3-B201-9D1EFDBDD7C7}.Release|Any CPU.Build.0 = Release|Any CPU
	EndGlobalSection
	GlobalSection(SolutionProperties) = preSolution
		HideSolutionNode = FALSE
	EndGlobalSection
	GlobalSection(NestedProjects) = preSolution
		{567FA2DE-41CD-41B1-8985-1A2CC52FCB9F} = {776B13D3-37F6-4372-AD02-D872F34A5BAF}
		{B4436CA1-0607-4D79-987E-EFE70EDB14AF} = {567FA2DE-41CD-41B1-8985-1A2CC52FCB9F}
		{EE0E0ED1-0AE7-4F9E-8CC8-0CFE327158D4} = {B4436CA1-0607-4D79-987E-EFE70EDB14AF}
		{D2624E34-05E4-4BEE-9E25-20E3B99503D3} = {567FA2DE-41CD-41B1-8985-1A2CC52FCB9F}
		{0FD9D76D-0F90-4C72-8FE9-96DE46F943E4} = {D2624E34-05E4-4BEE-9E25-20E3B99503D3}
		{3865F50C-CBBD-49AE-9E77-F0FD4186FB4B} = {567FA2DE-41CD-41B1-8985-1A2CC52FCB9F}
		{716F7CAB-B4FB-43D0-A02F-298027137CE4} = {3865F50C-CBBD-49AE-9E77-F0FD4186FB4B}
		{8BB3F09F-534B-47EA-B78F-39AE2ACDD8E6} = {3865F50C-CBBD-49AE-9E77-F0FD4186FB4B}
		{A7ABA01A-D6E8-41CC-BA39-646886BD857A} = {3865F50C-CBBD-49AE-9E77-F0FD4186FB4B}
		{7D6B3DCF-E4FB-4AB3-945C-889C02DA2096} = {3865F50C-CBBD-49AE-9E77-F0FD4186FB4B}
		{9946125C-39F1-4974-8EBA-CF5595FE4506} = {776B13D3-37F6-4372-AD02-D872F34A5BAF}
		{2AA47F67-742D-4963-8523-5D17A0BD6191} = {9946125C-39F1-4974-8EBA-CF5595FE4506}
		{BEE154A0-6130-40E6-8A61-351AD503FC5C} = {2AA47F67-742D-4963-8523-5D17A0BD6191}
		{C0FC5664-C532-4BF7-8049-E335AD03C996} = {567FA2DE-41CD-41B1-8985-1A2CC52FCB9F}
		{12464870-A1C1-4CE5-949D-28103F418904} = {C0FC5664-C532-4BF7-8049-E335AD03C996}
		{A4A5AFAF-108E-4EB1-85DB-AF04E8DA0DEA} = {D2624E34-05E4-4BEE-9E25-20E3B99503D3}
		{41C33047-06D0-453C-BDF4-37CEECE5C4B6} = {3865F50C-CBBD-49AE-9E77-F0FD4186FB4B}
		{48845C55-9D51-4030-850B-79F5121F058A} = {C0FC5664-C532-4BF7-8049-E335AD03C996}
		{79601EA9-39FD-4B5A-9510-C8E85D4DEFF8} = {B4436CA1-0607-4D79-987E-EFE70EDB14AF}
		{AF83CEA8-BA53-4D3F-B4FF-CDF35ADB563E} = {776B13D3-37F6-4372-AD02-D872F34A5BAF}
		{3421BF8E-F942-40AE-A5C4-48554CFBACD2} = {AF83CEA8-BA53-4D3F-B4FF-CDF35ADB563E}
		{AF51D6EE-3D53-48DB-9420-38CD74682E53} = {AF83CEA8-BA53-4D3F-B4FF-CDF35ADB563E}
		{B1ED270F-9036-46B3-B0D0-A534579D7D0D} = {B4436CA1-0607-4D79-987E-EFE70EDB14AF}
		{9FB66658-AD3E-4568-AFED-62B447EEF274} = {3865F50C-CBBD-49AE-9E77-F0FD4186FB4B}
		{14CBD8C4-D127-4009-B36D-F3E195527C8E} = {D2624E34-05E4-4BEE-9E25-20E3B99503D3}
		{C2A26642-8CC6-43E0-81E0-BF80FBA771CC} = {2AA47F67-742D-4963-8523-5D17A0BD6191}
		{7E243F6B-F230-4998-8862-AB06A490F74B} = {B1ED270F-9036-46B3-B0D0-A534579D7D0D}
		{D5770FFC-11F4-4E6D-A009-23E0DD94ACCA} = {B1ED270F-9036-46B3-B0D0-A534579D7D0D}
		{C36B4C5B-5E27-47E4-A396-93418E71CB99} = {9FB66658-AD3E-4568-AFED-62B447EEF274}
		{EC948D68-83B8-40F1-A2B2-AE53574B0273} = {9FB66658-AD3E-4568-AFED-62B447EEF274}
		{05B84308-A0FE-4713-9AB4-13D53FC465A1} = {14CBD8C4-D127-4009-B36D-F3E195527C8E}
		{3B7ABF2E-4DB9-4448-AECC-8E3C3E378BA2} = {14CBD8C4-D127-4009-B36D-F3E195527C8E}
		{2FE2EF45-554A-48E3-B201-9D1EFDBDD7C7} = {C2A26642-8CC6-43E0-81E0-BF80FBA771CC}
	EndGlobalSection
	GlobalSection(ExtensibilityGlobals) = postSolution
		SolutionGuid = {BCD700E4-8A08-4F55-BC01-0F0CAA018A93}
	EndGlobalSection
EndGlobal
